
Microsoft Visual Studio Solution File, Format Version 12.00
# Visual Studio Version 17
VisualStudioVersion = 17.0.32014.148
MinimumVisualStudioVersion = 10.0.40219.1
Project("{2150E333-8FDC-42A3-9474-1A3956D46DE8}") = "01-TestesDeUnidade", "01-TestesDeUnidade", "{FFCD5353-8A5C-4BC3-A7ED-0AA27338008A}"
EndProject
Project("{2150E333-8FDC-42A3-9474-1A3956D46DE8}") = "02-TDD", "02-TDD", "{2223741A-8177-4031-9556-7A57913117F1}"
EndProject
Project("{2150E333-8FDC-42A3-9474-1A3956D46DE8}") = "Tests", "Tests", "{D6B8BEDF-00B2-4C9F-9D58-07B586C99E63}"
EndProject
Project("{9A19103F-16F7-4668-BE54-9A1E7A4F7556}") = "NerdStore.Vendas.Domain", "NerdStore.Vendas.Domain\NerdStore.Vendas.Domain.csproj", "{C1FBDE9E-89F8-4592-A5E2-99EAA51B7D0E}"
EndProject
Project("{9A19103F-16F7-4668-BE54-9A1E7A4F7556}") = "NerdStore.Vendas.Application.Tests", "NerdStore.Vendas.Application.Tests\NerdStore.Vendas.Application.Tests.csproj", "{9066407B-7E53-4801-8376-24388F26939F}"
EndProject
Project("{9A19103F-16F7-4668-BE54-9A1E7A4F7556}") = "NerdStore.Vendas.Domain.Tests", "NerdStore.Vendas.Domain.Tests\NerdStore.Vendas.Domain.Tests.csproj", "{C1CC795D-C7BD-4C47-BA31-AB16FB689391}"
EndProject
Project("{FAE04EC0-301F-11D3-BF4B-00C04F79EFBC}") = "NerdStore.Core", "NerdStore.Core\NerdStore.Core.csproj", "{7255D511-A252-40BB-9132-212EAE77AACE}"
EndProject
Global
	GlobalSection(SolutionConfigurationPlatforms) = preSolution
		Debug|Any CPU = Debug|Any CPU
		Release|Any CPU = Release|Any CPU
	EndGlobalSection
	GlobalSection(ProjectConfigurationPlatforms) = postSolution
		{C1FBDE9E-89F8-4592-A5E2-99EAA51B7D0E}.Debug|Any CPU.ActiveCfg = Debug|Any CPU
		{C1FBDE9E-89F8-4592-A5E2-99EAA51B7D0E}.Debug|Any CPU.Build.0 = Debug|Any CPU
		{C1FBDE9E-89F8-4592-A5E2-99EAA51B7D0E}.Release|Any CPU.ActiveCfg = Release|Any CPU
		{C1FBDE9E-89F8-4592-A5E2-99EAA51B7D0E}.Release|Any CPU.Build.0 = Release|Any CPU
		{9066407B-7E53-4801-8376-24388F26939F}.Debug|Any CPU.ActiveCfg = Debug|Any CPU
		{9066407B-7E53-4801-8376-24388F26939F}.Debug|Any CPU.Build.0 = Debug|Any CPU
		{9066407B-7E53-4801-8376-24388F26939F}.Release|Any CPU.ActiveCfg = Release|Any CPU
		{9066407B-7E53-4801-8376-24388F26939F}.Release|Any CPU.Build.0 = Release|Any CPU
		{C1CC795D-C7BD-4C47-BA31-AB16FB689391}.Debug|Any CPU.ActiveCfg = Debug|Any CPU
		{C1CC795D-C7BD-4C47-BA31-AB16FB689391}.Debug|Any CPU.Build.0 = Debug|Any CPU
		{C1CC795D-C7BD-4C47-BA31-AB16FB689391}.Release|Any CPU.ActiveCfg = Release|Any CPU
		{C1CC795D-C7BD-4C47-BA31-AB16FB689391}.Release|Any CPU.Build.0 = Release|Any CPU
		{7255D511-A252-40BB-9132-212EAE77AACE}.Debug|Any CPU.ActiveCfg = Debug|Any CPU
		{7255D511-A252-40BB-9132-212EAE77AACE}.Debug|Any CPU.Build.0 = Debug|Any CPU
		{7255D511-A252-40BB-9132-212EAE77AACE}.Release|Any CPU.ActiveCfg = Release|Any CPU
		{7255D511-A252-40BB-9132-212EAE77AACE}.Release|Any CPU.Build.0 = Release|Any CPU
	EndGlobalSection
	GlobalSection(SolutionProperties) = preSolution
		HideSolutionNode = FALSE
	EndGlobalSection
	GlobalSection(NestedProjects) = preSolution
		{D6B8BEDF-00B2-4C9F-9D58-07B586C99E63} = {2223741A-8177-4031-9556-7A57913117F1}
		{C1FBDE9E-89F8-4592-A5E2-99EAA51B7D0E} = {2223741A-8177-4031-9556-7A57913117F1}
		{9066407B-7E53-4801-8376-24388F26939F} = {D6B8BEDF-00B2-4C9F-9D58-07B586C99E63}
		{C1CC795D-C7BD-4C47-BA31-AB16FB689391} = {D6B8BEDF-00B2-4C9F-9D58-07B586C99E63}
		{7255D511-A252-40BB-9132-212EAE77AACE} = {2223741A-8177-4031-9556-7A57913117F1}
	EndGlobalSection
	GlobalSection(ExtensibilityGlobals) = postSolution
		SolutionGuid = {A5763117-61A1-4123-9A5D-10E7C06159AE}
	EndGlobalSection
EndGlobal
